
Microsoft Visual Studio Solution File, Format Version 12.00
# Visual Studio Version 16
VisualStudioVersion = 16.0.31729.503
MinimumVisualStudioVersion = 10.0.40219.1
Project("{FAE04EC0-301F-11D3-BF4B-00C04F79EFBC}") = "CSH - Seminar", "CSH - Seminar\CSH - Seminar.csproj", "{EBEB5E1E-3819-4288-BA1A-6B02FFCA174E}"
EndProject
Global
	GlobalSection(SolutionConfigurationPlatforms) = preSolution
		Debug|Any CPU = Debug|Any CPU
		Release|Any CPU = Release|Any CPU
	EndGlobalSection
	GlobalSection(ProjectConfigurationPlatforms) = postSolution
		{EBEB5E1E-3819-4288-BA1A-6B02FFCA174E}.Debug|Any CPU.ActiveCfg = Debug|Any CPU
		{EBEB5E1E-3819-4288-BA1A-6B02FFCA174E}.Debug|Any CPU.Build.0 = Debug|Any CPU
		{EBEB5E1E-3819-4288-BA1A-6B02FFCA174E}.Release|Any CPU.ActiveCfg = Release|Any CPU
		{EBEB5E1E-3819-4288-BA1A-6B02FFCA174E}.Release|Any CPU.Build.0 = Release|Any CPU
	EndGlobalSection
	GlobalSection(SolutionProperties) = preSolution
		HideSolutionNode = FALSE
	EndGlobalSection
	GlobalSection(ExtensibilityGlobals) = postSolution
		SolutionGuid = {32B20139-A04E-40B1-A942-F152EF203281}
	EndGlobalSection
EndGlobal
